
Microsoft Visual Studio Solution File, Format Version 12.00
# Visual Studio Version 16
VisualStudioVersion = 16.0.36631.11
MinimumVisualStudioVersion = 10.0.40219.1
Project("{FAE04EC0-301F-11D3-BF4B-00C04F79EFBC}") = "BACKUPANDRESTORETOOL", "BACKUPANDRESTORETOOL\BACKUPANDRESTORETOOL.csproj", "{629EB8D6-76C2-4BFA-A0A1-97FD2D379075}"
EndProject
Global
	GlobalSection(SolutionConfigurationPlatforms) = preSolution
		Debug|Any CPU = Debug|Any CPU
		Release|Any CPU = Release|Any CPU
	EndGlobalSection
	GlobalSection(ProjectConfigurationPlatforms) = postSolution
		{629EB8D6-76C2-4BFA-A0A1-97FD2D379075}.Debug|Any CPU.ActiveCfg = Debug|Any CPU
		{629EB8D6-76C2-4BFA-A0A1-97FD2D379075}.Debug|Any CPU.Build.0 = Debug|Any CPU
		{629EB8D6-76C2-4BFA-A0A1-97FD2D379075}.Release|Any CPU.ActiveCfg = Release|Any CPU
		{629EB8D6-76C2-4BFA-A0A1-97FD2D379075}.Release|Any CPU.Build.0 = Release|Any CPU
	EndGlobalSection
	GlobalSection(SolutionProperties) = preSolution
		HideSolutionNode = FALSE
	EndGlobalSection
	GlobalSection(ExtensibilityGlobals) = postSolution
		SolutionGuid = {829D9C6E-3BB9-4079-9DA7-51910B88DAEE}
	EndGlobalSection
EndGlobal
